// !$*UTF8*$!
{
	archiveVersion = 1;
	classes = {
	};
	objectVersion = 48;
	objects = {

/* Begin PBXBuildFile section */
		D995DD871FD32DC900838FFF /* AppDelegate.swift in Sources */ = {isa = PBXBuildFile; fileRef = D995DD861FD32DC900838FFF /* AppDelegate.swift */; };
		D995DD891FD32DC900838FFF /* ViewController.swift in Sources */ = {isa = PBXBuildFile; fileRef = D995DD881FD32DC900838FFF /* ViewController.swift */; };
		D995DD8C1FD32DC900838FFF /* Main.storyboard in Resources */ = {isa = PBXBuildFile; fileRef = D995DD8A1FD32DC900838FFF /* Main.storyboard */; };
		D995DD8E1FD32DC900838FFF /* Assets.xcassets in Resources */ = {isa = PBXBuildFile; fileRef = D995DD8D1FD32DC900838FFF /* Assets.xcassets */; };
		D995DD911FD32DC900838FFF /* LaunchScreen.storyboard in Resources */ = {isa = PBXBuildFile; fileRef = D995DD8F1FD32DC900838FFF /* LaunchScreen.storyboard */; };
		D995DD9C1FD32DC900838FFF /* KavadriveTests.swift in Sources */ = {isa = PBXBuildFile; fileRef = D995DD9B1FD32DC900838FFF /* KavadriveTests.swift */; };
		D995DDA71FD32DC900838FFF /* KavadriveUITests.swift in Sources */ = {isa = PBXBuildFile; fileRef = D995DDA61FD32DC900838FFF /* KavadriveUITests.swift */; };
/* End PBXBuildFile section */

/* Begin PBXContainerItemProxy section */
		D995DD981FD32DC900838FFF /* PBXContainerItemProxy */ = {
			isa = PBXContainerItemProxy;
			containerPortal = D995DD7B1FD32DC900838FFF /* Project object */;
			proxyType = 1;
			remoteGlobalIDString = D995DD821FD32DC900838FFF;
			remoteInfo = Kavadrive;
		};
		D995DDA31FD32DC900838FFF /* PBXContainerItemProxy */ = {
			isa = PBXContainerItemProxy;
			containerPortal = D995DD7B1FD32DC900838FFF /* Project object */;
			proxyType = 1;
			remoteGlobalIDString = D995DD821FD32DC900838FFF;
			remoteInfo = Kavadrive;
		};
/* End PBXContainerItemProxy section */

/* Begin PBXFileReference section */
		D995DD831FD32DC900838FFF /* Kavadrive.app */ = {isa = PBXFileReference; explicitFileType = wrapper.application; includeInIndex = 0; path = Kavadrive.app; sourceTree = BUILT_PRODUCTS_DIR; };
		D995DD861FD32DC900838FFF /* AppDelegate.swift */ = {isa = PBXFileReference; lastKnownFileType = sourcecode.swift; path = AppDelegate.swift; sourceTree = "<group>"; };
		D995DD881FD32DC900838FFF /* ViewController.swift */ = {isa = PBXFileReference; lastKnownFileType = sourcecode.swift; path = ViewController.swift; sourceTree = "<group>"; };
		D995DD8B1FD32DC900838FFF /* Base */ = {isa = PBXFileReference; lastKnownFileType = file.storyboard; name = Base; path = Base.lproj/Main.storyboard; sourceTree = "<group>"; };
		D995DD8D1FD32DC900838FFF /* Assets.xcassets */ = {isa = PBXFileReference; lastKnownFileType = folder.assetcatalog; path = Assets.xcassets; sourceTree = "<group>"; };
		D995DD901FD32DC900838FFF /* Base */ = {isa = PBXFileReference; lastKnownFileType = file.storyboard; name = Base; path = Base.lproj/LaunchScreen.storyboard; sourceTree = "<group>"; };
		D995DD921FD32DC900838FFF /* Info.plist */ = {isa = PBXFileReference; lastKnownFileType = text.plist.xml; path = Info.plist; sourceTree = "<group>"; };
		D995DD971FD32DC900838FFF /* KavadriveTests.xctest */ = {isa = PBXFileReference; explicitFileType = wrapper.cfbundle; includeInIndex = 0; path = KavadriveTests.xctest; sourceTree = BUILT_PRODUCTS_DIR; };
		D995DD9B1FD32DC900838FFF /* KavadriveTests.swift */ = {isa = PBXFileReference; lastKnownFileType = sourcecode.swift; path = KavadriveTests.swift; sourceTree = "<group>"; };
		D995DD9D1FD32DC900838FFF /* Info.plist */ = {isa = PBXFileReference; lastKnownFileType = text.plist.xml; path = Info.plist; sourceTree = "<group>"; };
		D995DDA21FD32DC900838FFF /* KavadriveUITests.xctest */ = {isa = PBXFileReference; explicitFileType = wrapper.cfbundle; includeInIndex = 0; path = KavadriveUITests.xctest; sourceTree = BUILT_PRODUCTS_DIR; };
		D995DDA61FD32DC900838FFF /* KavadriveUITests.swift */ = {isa = PBXFileReference; lastKnownFileType = sourcecode.swift; path = KavadriveUITests.swift; sourceTree = "<group>"; };
		D995DDA81FD32DC900838FFF /* Info.plist */ = {isa = PBXFileReference; lastKnownFileType = text.plist.xml; path = Info.plist; sourceTree = "<group>"; };
/* End PBXFileReference section */

/* Begin PBXFrameworksBuildPhase section */
		D995DD801FD32DC900838FFF /* Frameworks */ = {
			isa = PBXFrameworksBuildPhase;
			buildActionMask = 2147483647;
			files = (
			);
			runOnlyForDeploymentPostprocessing = 0;
		};
		D995DD941FD32DC900838FFF /* Frameworks */ = {
			isa = PBXFrameworksBuildPhase;
			buildActionMask = 2147483647;
			files = (
			);
			runOnlyForDeploymentPostprocessing = 0;
		};
		D995DD9F1FD32DC900838FFF /* Frameworks */ = {
			isa = PBXFrameworksBuildPhase;
			buildActionMask = 2147483647;
			files = (
			);
			runOnlyForDeploymentPostprocessing = 0;
		};
/* End PBXFrameworksBuildPhase section */

/* Begin PBXGroup section */
		D995DD7A1FD32DC900838FFF = {
			isa = PBXGroup;
			children = (
				D995DD851FD32DC900838FFF /* Kavadrive */,
				D995DD9A1FD32DC900838FFF /* KavadriveTests */,
				D995DDA51FD32DC900838FFF /* KavadriveUITests */,
				D995DD841FD32DC900838FFF /* Products */,
			);
			sourceTree = "<group>";
		};
		D995DD841FD32DC900838FFF /* Products */ = {
			isa = PBXGroup;
			children = (
				D995DD831FD32DC900838FFF /* Kavadrive.app */,
				D995DD971FD32DC900838FFF /* KavadriveTests.xctest */,
				D995DDA21FD32DC900838FFF /* KavadriveUITests.xctest */,
			);
			name = Products;
			sourceTree = "<group>";
		};
		D995DD851FD32DC900838FFF /* Kavadrive */ = {
			isa = PBXGroup;
			children = (
				D995DD861FD32DC900838FFF /* AppDelegate.swift */,
				D995DD881FD32DC900838FFF /* ViewController.swift */,
				D995DD8A1FD32DC900838FFF /* Main.storyboard */,
				D995DD8D1FD32DC900838FFF /* Assets.xcassets */,
				D995DD8F1FD32DC900838FFF /* LaunchScreen.storyboard */,
				D995DD921FD32DC900838FFF /* Info.plist */,
			);
			path = Kavadrive;
			sourceTree = "<group>";
		};
		D995DD9A1FD32DC900838FFF /* KavadriveTests */ = {
			isa = PBXGroup;
			children = (
				D995DD9B1FD32DC900838FFF /* KavadriveTests.swift */,
				D995DD9D1FD32DC900838FFF /* Info.plist */,
			);
			path = KavadriveTests;
			sourceTree = "<group>";
		};
		D995DDA51FD32DC900838FFF /* KavadriveUITests */ = {
			isa = PBXGroup;
			children = (
				D995DDA61FD32DC900838FFF /* KavadriveUITests.swift */,
				D995DDA81FD32DC900838FFF /* Info.plist */,
			);
			path = KavadriveUITests;
			sourceTree = "<group>";
		};
/* End PBXGroup section */

/* Begin PBXNativeTarget section */
		D995DD821FD32DC900838FFF /* Kavadrive */ = {
			isa = PBXNativeTarget;
			buildConfigurationList = D995DDAB1FD32DC900838FFF /* Build configuration list for PBXNativeTarget "Kavadrive" */;
			buildPhases = (
				D995DD7F1FD32DC900838FFF /* Sources */,
				D995DD801FD32DC900838FFF /* Frameworks */,
				D995DD811FD32DC900838FFF /* Resources */,
			);
			buildRules = (
			);
			dependencies = (
			);
			name = Kavadrive;
			productName = Kavadrive;
			productReference = D995DD831FD32DC900838FFF /* Kavadrive.app */;
			productType = "com.apple.product-type.application";
		};
		D995DD961FD32DC900838FFF /* KavadriveTests */ = {
			isa = PBXNativeTarget;
			buildConfigurationList = D995DDAE1FD32DC900838FFF /* Build configuration list for PBXNativeTarget "KavadriveTests" */;
			buildPhases = (
				D995DD931FD32DC900838FFF /* Sources */,
				D995DD941FD32DC900838FFF /* Frameworks */,
				D995DD951FD32DC900838FFF /* Resources */,
			);
			buildRules = (
			);
			dependencies = (
				D995DD991FD32DC900838FFF /* PBXTargetDependency */,
			);
			name = KavadriveTests;
			productName = KavadriveTests;
			productReference = D995DD971FD32DC900838FFF /* KavadriveTests.xctest */;
			productType = "com.apple.product-type.bundle.unit-test";
		};
		D995DDA11FD32DC900838FFF /* KavadriveUITests */ = {
			isa = PBXNativeTarget;
			buildConfigurationList = D995DDB11FD32DC900838FFF /* Build configuration list for PBXNativeTarget "KavadriveUITests" */;
			buildPhases = (
				D995DD9E1FD32DC900838FFF /* Sources */,
				D995DD9F1FD32DC900838FFF /* Frameworks */,
				D995DDA01FD32DC900838FFF /* Resources */,
			);
			buildRules = (
			);
			dependencies = (
				D995DDA41FD32DC900838FFF /* PBXTargetDependency */,
			);
			name = KavadriveUITests;
			productName = KavadriveUITests;
			productReference = D995DDA21FD32DC900838FFF /* KavadriveUITests.xctest */;
			productType = "com.apple.product-type.bundle.ui-testing";
		};
/* End PBXNativeTarget section */

/* Begin PBXProject section */
		D995DD7B1FD32DC900838FFF /* Project object */ = {
			isa = PBXProject;
			attributes = {
				LastSwiftUpdateCheck = 0910;
				LastUpgradeCheck = 0910;
				ORGANIZATIONNAME = com.ovt;
				TargetAttributes = {
					D995DD821FD32DC900838FFF = {
						CreatedOnToolsVersion = 9.1;
						ProvisioningStyle = Automatic;
					};
					D995DD961FD32DC900838FFF = {
						CreatedOnToolsVersion = 9.1;
						ProvisioningStyle = Automatic;
						TestTargetID = D995DD821FD32DC900838FFF;
					};
					D995DDA11FD32DC900838FFF = {
						CreatedOnToolsVersion = 9.1;
						ProvisioningStyle = Automatic;
						TestTargetID = D995DD821FD32DC900838FFF;
					};
				};
			};
			buildConfigurationList = D995DD7E1FD32DC900838FFF /* Build configuration list for PBXProject "Kavadrive" */;
			compatibilityVersion = "Xcode 8.0";
			developmentRegion = en;
			hasScannedForEncodings = 0;
			knownRegions = (
				en,
				Base,
			);
			mainGroup = D995DD7A1FD32DC900838FFF;
			productRefGroup = D995DD841FD32DC900838FFF /* Products */;
			projectDirPath = "";
			projectRoot = "";
			targets = (
				D995DD821FD32DC900838FFF /* Kavadrive */,
				D995DD961FD32DC900838FFF /* KavadriveTests */,
				D995DDA11FD32DC900838FFF /* KavadriveUITests */,
			);
		};
/* End PBXProject section */

/* Begin PBXResourcesBuildPhase section */
		D995DD811FD32DC900838FFF /* Resources */ = {
			isa = PBXResourcesBuildPhase;
			buildActionMask = 2147483647;
			files = (
				D995DD911FD32DC900838FFF /* LaunchScreen.storyboard in Resources */,
				D995DD8E1FD32DC900838FFF /* Assets.xcassets in Resources */,
				D995DD8C1FD32DC900838FFF /* Main.storyboard in Resources */,
			);
			runOnlyForDeploymentPostprocessing = 0;
		};
		D995DD951FD32DC900838FFF /* Resources */ = {
			isa = PBXResourcesBuildPhase;
			buildActionMask = 2147483647;
			files = (
			);
			runOnlyForDeploymentPostprocessing = 0;
		};
		D995DDA01FD32DC900838FFF /* Resources */ = {
			isa = PBXResourcesBuildPhase;
			buildActionMask = 2147483647;
			files = (
			);
			runOnlyForDeploymentPostprocessing = 0;
		};
/* End PBXResourcesBuildPhase section */

/* Begin PBXSourcesBuildPhase section */
		D995DD7F1FD32DC900838FFF /* Sources */ = {
			isa = PBXSourcesBuildPhase;
			buildActionMask = 2147483647;
			files = (
				D995DD891FD32DC900838FFF /* ViewController.swift in Sources */,
				D995DD871FD32DC900838FFF /* AppDelegate.swift in Sources */,
			);
			runOnlyForDeploymentPostprocessing = 0;
		};
		D995DD931FD32DC900838FFF /* Sources */ = {
			isa = PBXSourcesBuildPhase;
			buildActionMask = 2147483647;
			files = (
				D995DD9C1FD32DC900838FFF /* KavadriveTests.swift in Sources */,
			);
			runOnlyForDeploymentPostprocessing = 0;
		};
		D995DD9E1FD32DC900838FFF /* Sources */ = {
			isa = PBXSourcesBuildPhase;
			buildActionMask = 2147483647;
			files = (
				D995DDA71FD32DC900838FFF /* KavadriveUITests.swift in Sources */,
			);
			runOnlyForDeploymentPostprocessing = 0;
		};
/* End PBXSourcesBuildPhase section */

/* Begin PBXTargetDependency section */
		D995DD991FD32DC900838FFF /* PBXTargetDependency */ = {
			isa = PBXTargetDependency;
			target = D995DD821FD32DC900838FFF /* Kavadrive */;
			targetProxy = D995DD981FD32DC900838FFF /* PBXContainerItemProxy */;
		};
		D995DDA41FD32DC900838FFF /* PBXTargetDependency */ = {
			isa = PBXTargetDependency;
			target = D995DD821FD32DC900838FFF /* Kavadrive */;
			targetProxy = D995DDA31FD32DC900838FFF /* PBXContainerItemProxy */;
		};
/* End PBXTargetDependency section */

/* Begin PBXVariantGroup section */
		D995DD8A1FD32DC900838FFF /* Main.storyboard */ = {
			isa = PBXVariantGroup;
			children = (
				D995DD8B1FD32DC900838FFF /* Base */,
			);
			name = Main.storyboard;
			sourceTree = "<group>";
		};
		D995DD8F1FD32DC900838FFF /* LaunchScreen.storyboard */ = {
			isa = PBXVariantGroup;
			children = (
				D995DD901FD32DC900838FFF /* Base */,
			);
			name = LaunchScreen.storyboard;
			sourceTree = "<group>";
		};
/* End PBXVariantGroup section */

/* Begin XCBuildConfiguration section */
		D995DDA91FD32DC900838FFF /* Debug */ = {
			isa = XCBuildConfiguration;
			buildSettings = {
				ALWAYS_SEARCH_USER_PATHS = NO;
				CLANG_ANALYZER_NONNULL = YES;
				CLANG_ANALYZER_NUMBER_OBJECT_CONVERSION = YES_AGGRESSIVE;
				CLANG_CXX_LANGUAGE_STANDARD = "gnu++14";
				CLANG_CXX_LIBRARY = "libc++";
				CLANG_ENABLE_MODULES = YES;
				CLANG_ENABLE_OBJC_ARC = YES;
				CLANG_WARN_BLOCK_CAPTURE_AUTORELEASING = YES;
				CLANG_WARN_BOOL_CONVERSION = YES;
				CLANG_WARN_COMMA = YES;
				CLANG_WARN_CONSTANT_CONVERSION = YES;
				CLANG_WARN_DIRECT_OBJC_ISA_USAGE = YES_ERROR;
				CLANG_WARN_DOCUMENTATION_COMMENTS = YES;
				CLANG_WARN_EMPTY_BODY = YES;
				CLANG_WARN_ENUM_CONVERSION = YES;
				CLANG_WARN_INFINITE_RECURSION = YES;
				CLANG_WARN_INT_CONVERSION = YES;
				CLANG_WARN_NON_LITERAL_NULL_CONVERSION = YES;
				CLANG_WARN_OBJC_LITERAL_CONVERSION = YES;
				CLANG_WARN_OBJC_ROOT_CLASS = YES_ERROR;
				CLANG_WARN_RANGE_LOOP_ANALYSIS = YES;
				CLANG_WARN_STRICT_PROTOTYPES = YES;
				CLANG_WARN_SUSPICIOUS_MOVE = YES;
				CLANG_WARN_UNGUARDED_AVAILABILITY = YES_AGGRESSIVE;
				CLANG_WARN_UNREACHABLE_CODE = YES;
				CLANG_WARN__DUPLICATE_METHOD_MATCH = YES;
				CODE_SIGN_IDENTITY = "iPhone Developer";
				COPY_PHASE_STRIP = NO;
				DEBUG_INFORMATION_FORMAT = dwarf;
				ENABLE_STRICT_OBJC_MSGSEND = YES;
				ENABLE_TESTABILITY = YES;
				GCC_C_LANGUAGE_STANDARD = gnu11;
				GCC_DYNAMIC_NO_PIC = NO;
				GCC_NO_COMMON_BLOCKS = YES;
				GCC_OPTIMIZATION_LEVEL = 0;
				GCC_PREPROCESSOR_DEFINITIONS = (
					"DEBUG=1",
					"$(inherited)",
				);
				GCC_WARN_64_TO_32_BIT_CONVERSION = YES;
				GCC_WARN_ABOUT_RETURN_TYPE = YES_ERROR;
				GCC_WARN_UNDECLARED_SELECTOR = YES;
				GCC_WARN_UNINITIALIZED_AUTOS = YES_AGGRESSIVE;
				GCC_WARN_UNUSED_FUNCTION = YES;
				GCC_WARN_UNUSED_VARIABLE = YES;
				IPHONEOS_DEPLOYMENT_TARGET = 11.1;
				MTL_ENABLE_DEBUG_INFO = YES;
				ONLY_ACTIVE_ARCH = YES;
				SDKROOT = iphoneos;
				SWIFT_ACTIVE_COMPILATION_CONDITIONS = DEBUG;
				SWIFT_OPTIMIZATION_LEVEL = "-Onone";
			};
			name = Debug;
		};
		D995DDAA1FD32DC900838FFF /* Release */ = {
			isa = XCBuildConfiguration;
			buildSettings = {
				ALWAYS_SEARCH_USER_PATHS = NO;
				CLANG_ANALYZER_NONNULL = YES;
				CLANG_ANALYZER_NUMBER_OBJECT_CONVERSION = YES_AGGRESSIVE;
				CLANG_CXX_LANGUAGE_STANDARD = "gnu++14";
				CLANG_CXX_LIBRARY = "libc++";
				CLANG_ENABLE_MODULES = YES;
				CLANG_ENABLE_OBJC_ARC = YES;
				CLANG_WARN_BLOCK_CAPTURE_AUTORELEASING = YES;
				CLANG_WARN_BOOL_CONVERSION = YES;
				CLANG_WARN_COMMA = YES;
				CLANG_WARN_CONSTANT_CONVERSION = YES;
				CLANG_WARN_DIRECT_OBJC_ISA_USAGE = YES_ERROR;
				CLANG_WARN_DOCUMENTATION_COMMENTS = YES;
				CLANG_WARN_EMPTY_BODY = YES;
				CLANG_WARN_ENUM_CONVERSION = YES;
				CLANG_WARN_INFINITE_RECURSION = YES;
				CLANG_WARN_INT_CONVERSION = YES;
				CLANG_WARN_NON_LITERAL_NULL_CONVERSION = YES;
				CLANG_WARN_OBJC_LITERAL_CONVERSION = YES;
				CLANG_WARN_OBJC_ROOT_CLASS = YES_ERROR;
				CLANG_WARN_RANGE_LOOP_ANALYSIS = YES;
				CLANG_WARN_STRICT_PROTOTYPES = YES;
				CLANG_WARN_SUSPICIOUS_MOVE = YES;
				CLANG_WARN_UNGUARDED_AVAILABILITY = YES_AGGRESSIVE;
				CLANG_WARN_UNREACHABLE_CODE = YES;
				CLANG_WARN__DUPLICATE_METHOD_MATCH = YES;
				CODE_SIGN_IDENTITY = "iPhone Developer";
				COPY_PHASE_STRIP = NO;
				DEBUG_INFORMATION_FORMAT = "dwarf-with-dsym";
				ENABLE_NS_ASSERTIONS = NO;
				ENABLE_STRICT_OBJC_MSGSEND = YES;
				GCC_C_LANGUAGE_STANDARD = gnu11;
				GCC_NO_COMMON_BLOCKS = YES;
				GCC_WARN_64_TO_32_BIT_CONVERSION = YES;
				GCC_WARN_ABOUT_RETURN_TYPE = YES_ERROR;
				GCC_WARN_UNDECLARED_SELECTOR = YES;
				GCC_WARN_UNINITIALIZED_AUTOS = YES_AGGRESSIVE;
				GCC_WARN_UNUSED_FUNCTION = YES;
				GCC_WARN_UNUSED_VARIABLE = YES;
				IPHONEOS_DEPLOYMENT_TARGET = 11.1;
				MTL_ENABLE_DEBUG_INFO = NO;
				SDKROOT = iphoneos;
				SWIFT_OPTIMIZATION_LEVEL = "-Owholemodule";
				VALIDATE_PRODUCT = YES;
			};
			name = Release;
		};
		D995DDAC1FD32DC900838FFF /* Debug */ = {
			isa = XCBuildConfiguration;
			buildSettings = {
				ASSETCATALOG_COMPILER_APPICON_NAME = AppIcon;
				CODE_SIGN_STYLE = Automatic;
				DEVELOPMENT_TEAM = FEM5E9C5MW;
				INFOPLIST_FILE = Kavadrive/Info.plist;
				LD_RUNPATH_SEARCH_PATHS = "$(inherited) @executable_path/Frameworks";
				PRODUCT_BUNDLE_IDENTIFIER = com.ovt.Kavadrive;
				PRODUCT_NAME = "$(TARGET_NAME)";
				SWIFT_VERSION = 4.0;
				TARGETED_DEVICE_FAMILY = "1,2";
			};
			name = Debug;
		};
		D995DDAD1FD32DC900838FFF /* Release */ = {
			isa = XCBuildConfiguration;
			buildSettings = {
				ASSETCATALOG_COMPILER_APPICON_NAME = AppIcon;
				CODE_SIGN_STYLE = Automatic;
				DEVELOPMENT_TEAM = FEM5E9C5MW;
				INFOPLIST_FILE = Kavadrive/Info.plist;
				LD_RUNPATH_SEARCH_PATHS = "$(inherited) @executable_path/Frameworks";
				PRODUCT_BUNDLE_IDENTIFIER = com.ovt.Kavadrive;
				PRODUCT_NAME = "$(TARGET_NAME)";
				SWIFT_VERSION = 4.0;
				TARGETED_DEVICE_FAMILY = "1,2";
			};
			name = Release;
		};
		D995DDAF1FD32DC900838FFF /* Debug */ = {
			isa = XCBuildConfiguration;
			buildSettings = {
				ALWAYS_EMBED_SWIFT_STANDARD_LIBRARIES = YES;
				BUNDLE_LOADER = "$(TEST_HOST)";
				CODE_SIGN_STYLE = Automatic;
				DEVELOPMENT_TEAM = FEM5E9C5MW;
				INFOPLIST_FILE = KavadriveTests/Info.plist;
				LD_RUNPATH_SEARCH_PATHS = "$(inherited) @executable_path/Frameworks @loader_path/Frameworks";
				PRODUCT_BUNDLE_IDENTIFIER = com.ovt.KavadriveTests;
				PRODUCT_NAME = "$(TARGET_NAME)";
				SWIFT_VERSION = 4.0;
				TARGETED_DEVICE_FAMILY = "1,2";
				TEST_HOST = "$(BUILT_PRODUCTS_DIR)/Kavadrive.app/Kavadrive";
			};
			name = Debug;
		};
		D995DDB01FD32DC900838FFF /* Release */ = {
			isa = XCBuildConfiguration;
			buildSettings = {
				ALWAYS_EMBED_SWIFT_STANDARD_LIBRARIES = YES;
				BUNDLE_LOADER = "$(TEST_HOST)";
				CODE_SIGN_STYLE = Automatic;
				DEVELOPMENT_TEAM = FEM5E9C5MW;
				INFOPLIST_FILE = KavadriveTests/Info.plist;
				LD_RUNPATH_SEARCH_PATHS = "$(inherited) @executable_path/Frameworks @loader_path/Frameworks";
				PRODUCT_BUNDLE_IDENTIFIER = com.ovt.KavadriveTests;
				PRODUCT_NAME = "$(TARGET_NAME)";
				SWIFT_VERSION = 4.0;
				TARGETED_DEVICE_FAMILY = "1,2";
				TEST_HOST = "$(BUILT_PRODUCTS_DIR)/Kavadrive.app/Kavadrive";
			};
			name = Release;
		};
		D995DDB21FD32DC900838FFF /* Debug */ = {
			isa = XCBuildConfiguration;
			buildSettings = {
				ALWAYS_EMBED_SWIFT_STANDARD_LIBRARIES = YES;
				CODE_SIGN_STYLE = Automatic;
				DEVELOPMENT_TEAM = FEM5E9C5MW;
				INFOPLIST_FILE = KavadriveUITests/Info.plist;
				LD_RUNPATH_SEARCH_PATHS = "$(inherited) @executable_path/Frameworks @loader_path/Frameworks";
				PRODUCT_BUNDLE_IDENTIFIER = com.ovt.KavadriveUITests;
				PRODUCT_NAME = "$(TARGET_NAME)";
				SWIFT_VERSION = 4.0;
				TARGETED_DEVICE_FAMILY = "1,2";
				TEST_TARGET_NAME = Kavadrive;
			};
			name = Debug;
		};
		D995DDB31FD32DC900838FFF /* Release */ = {
			isa = XCBuildConfiguration;
			buildSettings = {
				ALWAYS_EMBED_SWIFT_STANDARD_LIBRARIES = YES;
				CODE_SIGN_STYLE = Automatic;
				DEVELOPMENT_TEAM = FEM5E9C5MW;
				INFOPLIST_FILE = KavadriveUITests/Info.plist;
				LD_RUNPATH_SEARCH_PATHS = "$(inherited) @executable_path/Frameworks @loader_path/Frameworks";
				PRODUCT_BUNDLE_IDENTIFIER = com.ovt.KavadriveUITests;
				PRODUCT_NAME = "$(TARGET_NAME)";
				SWIFT_VERSION = 4.0;
				TARGETED_DEVICE_FAMILY = "1,2";
				TEST_TARGET_NAME = Kavadrive;
			};
			name = Release;
		};
/* End XCBuildConfiguration section */

/* Begin XCConfigurationList section */
		D995DD7E1FD32DC900838FFF /* Build configuration list for PBXProject "Kavadrive" */ = {
			isa = XCConfigurationList;
			buildConfigurations = (
				D995DDA91FD32DC900838FFF /* Debug */,
				D995DDAA1FD32DC900838FFF /* Release */,
			);
			defaultConfigurationIsVisible = 0;
			defaultConfigurationName = Release;
		};
		D995DDAB1FD32DC900838FFF /* Build configuration list for PBXNativeTarget "Kavadrive" */ = {
			isa = XCConfigurationList;
			buildConfigurations = (
				D995DDAC1FD32DC900838FFF /* Debug */,
				D995DDAD1FD32DC900838FFF /* Release */,
			);
			defaultConfigurationIsVisible = 0;
			defaultConfigurationName = Release;
		};
		D995DDAE1FD32DC900838FFF /* Build configuration list for PBXNativeTarget "KavadriveTests" */ = {
			isa = XCConfigurationList;
			buildConfigurations = (
				D995DDAF1FD32DC900838FFF /* Debug */,
				D995DDB01FD32DC900838FFF /* Release */,
			);
			defaultConfigurationIsVisible = 0;
			defaultConfigurationName = Release;
		};
		D995DDB11FD32DC900838FFF /* Build configuration list for PBXNativeTarget "KavadriveUITests" */ = {
			isa = XCConfigurationList;
			buildConfigurations = (
				D995DDB21FD32DC900838FFF /* Debug */,
				D995DDB31FD32DC900838FFF /* Release */,
			);
			defaultConfigurationIsVisible = 0;
			defaultConfigurationName = Release;
		};
/* End XCConfigurationList section */
	};
	rootObject = D995DD7B1FD32DC900838FFF /* Project object */;
}
